<?xml version="1.0" encoding="utf-8"?>
<Project ToolsVersion="4.0" xmlns="http://schemas.microsoft.com/developer/msbuild/2003">
  <ItemGroup>
    <Filter Include="Source Files">
      <UniqueIdentifier>{4FC737F1-C7A5-4376-A066-2A32D752A2FF}</UniqueIdentifier>
      <Extensions>cpp;c;cc;cxx;def;odl;idl;hpj;bat;asm;asmx</Extensions>
    </Filter>
    <Filter Include="Header Files">
      <UniqueIdentifier>{93995380-89BD-4b04-88EB-625FBE52EBFB}</UniqueIdentifier>
      <Extensions>h;hh;hpp;hxx;hm;inl;inc;xsd</Extensions>
    </Filter>
    <Filter Include="Resource Files">
      <UniqueIdentifier>{67DA6AB6-F800-4c08-8B7A-83BB121AAD01}</UniqueIdentifier>
      <Extensions>rc;ico;cur;bmp;dlg;rc2;rct;bin;rgs;gif;jpg;jpeg;jpe;resx;tiff;tif;png;wav;mfcribbon-ms</Extensions>
    </Filter>
    <Filter Include="Source Files\implem">
      <UniqueIdentifier>{f8f75961-7481-45fd-9d5b-11f55830e890}</UniqueIdentifier>
    </Filter>
    <Filter Include="Resource Files\render">
      <UniqueIdentifier>{b9aceced-0493-442e-bd68-766723771047}</UniqueIdentifier>
    </Filter>
    <Filter Include="Resource Files\testGame">
      <UniqueIdentifier>{ec6d7c1c-d8f5-41b2-9c1d-db582a1c01e4}</UniqueIdentifier>
    </Filter>
    <Filter Include="Header Files\render">
      <UniqueIdentifier>{3c5eec33-b7ce-48fa-89c7-825adf3e6e5f}</UniqueIdentifier>
    </Filter>
    <Filter Include="Source Files\implem\render">
      <UniqueIdentifier>{dbbd7385-4220-4e31-9f36-f294ecd7bdce}</UniqueIdentifier>
    </Filter>
    <Filter Include="Source Files\implem\render\Sprite">
      <UniqueIdentifier>{f9a7d4fc-b070-4fa1-97bf-e5057c9ed743}</UniqueIdentifier>
    </Filter>
  </ItemGroup>
  <ItemGroup>
    <ClCompile Include="main.cpp">
      <Filter>Source Files</Filter>
    </ClCompile>
    <ClCompile Include="render\Camera.cpp">
      <Filter>Source Files\implem\render</Filter>
    </ClCompile>
    <ClCompile Include="render\Canvas.cpp">
      <Filter>Source Files\implem\render</Filter>
    </ClCompile>
    <ClCompile Include="render\Stage.cpp">
      <Filter>Source Files\implem\render</Filter>
    </ClCompile>
    <ClCompile Include="render\Sprite_base.cpp">
      <Filter>Source Files\implem\render\Sprite</Filter>
    </ClCompile>
    <ClCompile Include="render\Sprite_move.cpp">
      <Filter>Source Files\implem\render\Sprite</Filter>
    </ClCompile>
    <ClCompile Include="render\Sprite_text.cpp">
      <Filter>Source Files\implem\render\Sprite</Filter>
    </ClCompile>
    <ClCompile Include="render\Sprite_final.cpp">
      <Filter>Source Files\implem\render\Sprite</Filter>
    </ClCompile>
    <ClCompile Include="render\Sprite_rot.cpp">
      <Filter>Source Files\implem\render\Sprite</Filter>
    </ClCompile>
  </ItemGroup>
  <ItemGroup>
    <ClInclude Include="render\Camera.h">
      <Filter>Header Files\render</Filter>
    </ClInclude>
    <ClInclude Include="render\Canvas.h">
      <Filter>Header Files\render</Filter>
    </ClInclude>
    <ClInclude Include="render\Sprite.h">
      <Filter>Header Files\render</Filter>
    </ClInclude>
    <ClInclude Include="render\Stage.h">
      <Filter>Header Files\render</Filter>
    </ClInclude>
    <ClInclude Include="render\Top.h">
      <Filter>Header Files\render</Filter>
    </ClInclude>
    <ClInclude Include="render\GameEntity.h">
      <Filter>Header Files\render</Filter>
    </ClInclude>
  </ItemGroup>
  <ItemGroup>
    <Text Include="render\review\todo.txt">
      <Filter>Resource Files\render</Filter>
    </Text>
  </ItemGroup>
  <ItemGroup>
    <None Include="render\review\sprite.cd">
      <Filter>Resource Files\render</Filter>
    </None>
  </ItemGroup>
  <ItemGroup>
    <Image Include="testGame\icon.ico">
      <Filter>Resource Files\testGame</Filter>
    </Image>
  </ItemGroup>
</Project>